
Microsoft Visual Studio Solution File, Format Version 12.00
# Visual Studio Version 17
VisualStudioVersion = 17.6.33712.159
MinimumVisualStudioVersion = 10.0.40219.1
Project("{8BC9CEB8-8B4A-11D0-8D11-00A0C91BC942}") = "Cal_dis", "Cal_dis.vcxproj", "{3650322C-DCFE-4A5B-8B38-86512718B8E3}"
EndProject
Global
	GlobalSection(SolutionConfigurationPlatforms) = preSolution
		Debug|x64 = Debug|x64
		Debug|x86 = Debug|x86
		Release|x64 = Release|x64
		Release|x86 = Release|x86
	EndGlobalSection
	GlobalSection(ProjectConfigurationPlatforms) = postSolution
		{3650322C-DCFE-4A5B-8B38-86512718B8E3}.Debug|x64.ActiveCfg = Debug|x64
		{3650322C-DCFE-4A5B-8B38-86512718B8E3}.Debug|x64.Build.0 = Debug|x64
		{3650322C-DCFE-4A5B-8B38-86512718B8E3}.Debug|x86.ActiveCfg = Debug|Win32
		{3650322C-DCFE-4A5B-8B38-86512718B8E3}.Debug|x86.Build.0 = Debug|Win32
		{3650322C-DCFE-4A5B-8B38-86512718B8E3}.Release|x64.ActiveCfg = Release|x64
		{3650322C-DCFE-4A5B-8B38-86512718B8E3}.Release|x64.Build.0 = Release|x64
		{3650322C-DCFE-4A5B-8B38-86512718B8E3}.Release|x86.ActiveCfg = Release|Win32
		{3650322C-DCFE-4A5B-8B38-86512718B8E3}.Release|x86.Build.0 = Release|Win32
	EndGlobalSection
	GlobalSection(SolutionProperties) = preSolution
		HideSolutionNode = FALSE
	EndGlobalSection
	GlobalSection(ExtensibilityGlobals) = postSolution
		SolutionGuid = {99DA56F6-A534-4759-A8D3-7469821A885C}
	EndGlobalSection
EndGlobal
